
Microsoft Visual Studio Solution File, Format Version 12.00
# Visual Studio Version 16
VisualStudioVersion = 16.0.31515.178
MinimumVisualStudioVersion = 10.0.40219.1
Project("{8BC9CEB8-8B4A-11D0-8D11-00A0C91BC942}") = "OW-Jingun", "OW-Jingun.vcxproj", "{6DEED10C-546F-454E-93D5-FB167BBC84AC}"
EndProject
Global
	GlobalSection(SolutionConfigurationPlatforms) = preSolution
		Debug|x64 = Debug|x64
		Debug|x86 = Debug|x86
		Release|x64 = Release|x64
		Release|x86 = Release|x86
	EndGlobalSection
	GlobalSection(ProjectConfigurationPlatforms) = postSolution
		{6DEED10C-546F-454E-93D5-FB167BBC84AC}.Debug|x64.ActiveCfg = Debug|x64
		{6DEED10C-546F-454E-93D5-FB167BBC84AC}.Debug|x64.Build.0 = Debug|x64
		{6DEED10C-546F-454E-93D5-FB167BBC84AC}.Debug|x86.ActiveCfg = Debug|Win32
		{6DEED10C-546F-454E-93D5-FB167BBC84AC}.Debug|x86.Build.0 = Debug|Win32
		{6DEED10C-546F-454E-93D5-FB167BBC84AC}.Release|x64.ActiveCfg = Release|x64
		{6DEED10C-546F-454E-93D5-FB167BBC84AC}.Release|x64.Build.0 = Release|x64
		{6DEED10C-546F-454E-93D5-FB167BBC84AC}.Release|x86.ActiveCfg = Release|Win32
		{6DEED10C-546F-454E-93D5-FB167BBC84AC}.Release|x86.Build.0 = Release|Win32
	EndGlobalSection
	GlobalSection(SolutionProperties) = preSolution
		HideSolutionNode = FALSE
	EndGlobalSection
	GlobalSection(ExtensibilityGlobals) = postSolution
		SolutionGuid = {54AE7742-CC76-447C-BBB2-C0AD49924034}
	EndGlobalSection
EndGlobal
